
Microsoft Visual Studio Solution File, Format Version 12.00
# Visual Studio Version 17
VisualStudioVersion = 17.0.31919.166
MinimumVisualStudioVersion = 10.0.40219.1
Project("{FAE04EC0-301F-11D3-BF4B-00C04F79EFBC}") = "F1DriversStatsConsole", "F1DriversStatsConsole\F1DriversStatsConsole.csproj", "{9D4E021D-7808-4B32-A049-18D8472EA145}"
EndProject
Global
	GlobalSection(SolutionConfigurationPlatforms) = preSolution
		Debug|Any CPU = Debug|Any CPU
		Release|Any CPU = Release|Any CPU
	EndGlobalSection
	GlobalSection(ProjectConfigurationPlatforms) = postSolution
		{9D4E021D-7808-4B32-A049-18D8472EA145}.Debug|Any CPU.ActiveCfg = Debug|Any CPU
		{9D4E021D-7808-4B32-A049-18D8472EA145}.Debug|Any CPU.Build.0 = Debug|Any CPU
		{9D4E021D-7808-4B32-A049-18D8472EA145}.Release|Any CPU.ActiveCfg = Release|Any CPU
		{9D4E021D-7808-4B32-A049-18D8472EA145}.Release|Any CPU.Build.0 = Release|Any CPU
	EndGlobalSection
	GlobalSection(SolutionProperties) = preSolution
		HideSolutionNode = FALSE
	EndGlobalSection
	GlobalSection(ExtensibilityGlobals) = postSolution
		SolutionGuid = {6CABAD35-7E54-4E55-86F9-E562EEF721D3}
	EndGlobalSection
EndGlobal
